<?xml version="1.0" encoding="utf-8"?>
<Project ToolsVersion="4.0" xmlns="http://schemas.microsoft.com/developer/msbuild/2003">
  <ItemGroup>
    <Filter Include="Source Files">
      <UniqueIdentifier>{4FC737F1-C7A5-4376-A066-2A32D752A2FF}</UniqueIdentifier>
      <Extensions>cpp;c;cc;cxx;c++;cppm;ixx;def;odl;idl;hpj;bat;asm;asmx</Extensions>
    </Filter>
    <Filter Include="Header Files">
      <UniqueIdentifier>{93995380-89BD-4b04-88EB-625FBE52EBFB}</UniqueIdentifier>
      <Extensions>h;hh;hpp;hxx;h++;hm;inl;inc;ipp;xsd</Extensions>
    </Filter>
    <Filter Include="Resource Files">
      <UniqueIdentifier>{67DA6AB6-F800-4c08-8B7A-83BB121AAD01}</UniqueIdentifier>
      <Extensions>rc;ico;cur;bmp;dlg;rc2;rct;bin;rgs;gif;jpg;jpeg;jpe;resx;tiff;tif;png;wav;mfcribbon-ms</Extensions>
    </Filter>
    <Filter Include="Util">
      <UniqueIdentifier>{f6a391ad-47fb-40a1-a1f2-753d8ff2e64b}</UniqueIdentifier>
    </Filter>
    <Filter Include="Shaders">
      <UniqueIdentifier>{f25d8013-76c4-47fb-a1fb-c0d4767cd4f3}</UniqueIdentifier>
    </Filter>
  </ItemGroup>
  <ItemGroup>
    <ClInclude Include="framework.h">
      <Filter>Header Files</Filter>
    </ClInclude>
    <ClInclude Include="targetver.h">
      <Filter>Header Files</Filter>
    </ClInclude>
    <ClInclude Include="Resource.h">
      <Filter>Header Files</Filter>
    </ClInclude>
    <ClInclude Include="pch.h">
      <Filter>Header Files</Filter>
    </ClInclude>
    <ClInclude Include="CaptureSession.h">
      <Filter>Header Files</Filter>
    </ClInclude>
    <ClInclude Include="CaptureManager.h">
      <Filter>Header Files</Filter>
    </ClInclude>
    <ClInclude Include="Util\capture.desktop.interop.h">
      <Filter>Util</Filter>
    </ClInclude>
    <ClInclude Include="Util\d3dHelpers.desktop.h">
      <Filter>Util</Filter>
    </ClInclude>
    <ClInclude Include="Util\d3dHelpers.h">
      <Filter>Util</Filter>
    </ClInclude>
    <ClInclude Include="Util\direct3d11.interop.h">
      <Filter>Util</Filter>
    </ClInclude>
    <ClInclude Include="ShaderGlass.h">
      <Filter>Header Files</Filter>
    </ClInclude>
    <ClInclude Include="Preset.h">
      <Filter>Header Files</Filter>
    </ClInclude>
    <ClInclude Include="Shader.h">
      <Filter>Header Files</Filter>
    </ClInclude>
    <ClInclude Include="ShaderList.h">
      <Filter>Header Files</Filter>
    </ClInclude>
    <ClInclude Include="ShaderPass.h">
      <Filter>Header Files</Filter>
    </ClInclude>
    <ClInclude Include="Shaders\PassthroughPresetDef.h">
      <Filter>Shaders</Filter>
    </ClInclude>
    <ClInclude Include="Shaders\PassthroughShaderDef.h">
      <Filter>Shaders</Filter>
    </ClInclude>
    <ClInclude Include="Shaders\PreprocessShaderDef.h">
      <Filter>Shaders</Filter>
    </ClInclude>
    <ClInclude Include="Options.h">
      <Filter>Header Files</Filter>
    </ClInclude>
    <ClInclude Include="Texture.h">
      <Filter>Header Files</Filter>
    </ClInclude>
    <ClInclude Include="WIC\WICTextureLoader11.h">
      <Filter>Header Files</Filter>
    </ClInclude>
    <ClInclude Include="WIC\pch.h">
      <Filter>Header Files</Filter>
    </ClInclude>
    <ClInclude Include="Helpers.h">
      <Filter>Header Files</Filter>
    </ClInclude>
    <ClInclude Include="ParamsWindow.h">
      <Filter>Header Files</Filter>
    </ClInclude>
    <ClInclude Include="ShaderWindow.h">
      <Filter>Header Files</Filter>
    </ClInclude>
    <ClInclude Include="WIC\ScreenGrab11.h">
      <Filter>Header Files</Filter>
    </ClInclude>
    <ClInclude Include="Shaders\RetroArch.h">
      <Filter>Header Files</Filter>
    </ClInclude>
    <ClInclude Include="InputDialog.h">
      <Filter>Header Files</Filter>
    </ClInclude>
    <ClInclude Include="BrowserWindow.h">
      <Filter>Header Files</Filter>
    </ClInclude>
    <ClInclude Include="CompileWindow.h">
      <Filter>Header Files</Filter>
    </ClInclude>
  </ItemGroup>
  <ItemGroup>
    <ClCompile Include="pch.cpp">
      <Filter>Source Files</Filter>
    </ClCompile>
    <ClCompile Include="CaptureSession.cpp">
      <Filter>Source Files</Filter>
    </ClCompile>
    <ClCompile Include="CaptureManager.cpp">
      <Filter>Source Files</Filter>
    </ClCompile>
    <ClCompile Include="ShaderGlass.cpp">
      <Filter>Source Files</Filter>
    </ClCompile>
    <ClCompile Include="Preset.cpp">
      <Filter>Source Files</Filter>
    </ClCompile>
    <ClCompile Include="Shader.cpp">
      <Filter>Source Files</Filter>
    </ClCompile>
    <ClCompile Include="ShaderPass.cpp">
      <Filter>Source Files</Filter>
    </ClCompile>
    <ClCompile Include="Texture.cpp">
      <Filter>Source Files</Filter>
    </ClCompile>
    <ClCompile Include="WIC\WICTextureLoader11.cpp">
      <Filter>Source Files</Filter>
    </ClCompile>
    <ClCompile Include="ShaderList.cpp">
      <Filter>Source Files</Filter>
    </ClCompile>
    <ClCompile Include="ParamsWindow.cpp">
      <Filter>Source Files</Filter>
    </ClCompile>
    <ClCompile Include="ShaderWindow.cpp">
      <Filter>Source Files</Filter>
    </ClCompile>
    <ClCompile Include="WinMain.cpp">
      <Filter>Source Files</Filter>
    </ClCompile>
    <ClCompile Include="WIC\ScreenGrab11.cpp">
      <Filter>Source Files</Filter>
    </ClCompile>
    <ClCompile Include="InputDialog.cpp">
      <Filter>Source Files</Filter>
    </ClCompile>
    <ClCompile Include="BrowserWindow.cpp">
      <Filter>Source Files</Filter>
    </ClCompile>
    <ClCompile Include="CompileWindow.cpp">
      <Filter>Source Files</Filter>
    </ClCompile>
  </ItemGroup>
  <ItemGroup>
    <Image Include="small.ico">
      <Filter>Resource Files</Filter>
    </Image>
    <Image Include="ShaderGlass.ico">
      <Filter>Resource Files</Filter>
    </Image>
    <Image Include="shader.bmp">
      <Filter>Resource Files</Filter>
    </Image>
    <Image Include="folder.bmp">
      <Filter>Resource Files</Filter>
    </Image>
  </ItemGroup>
  <ItemGroup>
    <ResourceCompile Include="ShaderGlass.rc">
      <Filter>Resource Files</Filter>
    </ResourceCompile>
  </ItemGroup>
  <ItemGroup>
    <None Include="Util\LICENSE" />
    <None Include="ShaderGlass.aps" />
    <None Include="Shaders\RetroArch.template" />
  </ItemGroup>
</Project>